// !$*UTF8*$!
{
	archiveVersion = 1;
	classes = {
	};
	objectVersion = 50;
	objects = {

/* Begin PBXBuildFile section */
		94AC557D2223018D0047386E /* Router.swift in Sources */ = {isa = PBXBuildFile; fileRef = 94AC557C2223018D0047386E /* Router.swift */; };
		94AC557F222308B30047386E /* Handler.swift in Sources */ = {isa = PBXBuildFile; fileRef = 94AC557E222308B30047386E /* Handler.swift */; };
		94AC5581222479860047386E /* Configuration.swift in Sources */ = {isa = PBXBuildFile; fileRef = 94AC5580222479860047386E /* Configuration.swift */; };
		94AC558322247DA30047386E /* Server.swift in Sources */ = {isa = PBXBuildFile; fileRef = 94AC558222247DA30047386E /* Server.swift */; };
		94D2DF0F221C73830004C498 /* Connection.swift in Sources */ = {isa = PBXBuildFile; fileRef = 94D2DF0E221C73830004C498 /* Connection.swift */; };
		94D4A6FE221B6EDC00A991A8 /* main.swift in Sources */ = {isa = PBXBuildFile; fileRef = 94D4A6FD221B6EDC00A991A8 /* main.swift */; };
/* End PBXBuildFile section */

/* Begin PBXFileReference section */
		94AC557C2223018D0047386E /* Router.swift */ = {isa = PBXFileReference; lastKnownFileType = sourcecode.swift; path = Router.swift; sourceTree = "<group>"; };
		94AC557E222308B30047386E /* Handler.swift */ = {isa = PBXFileReference; lastKnownFileType = sourcecode.swift; path = Handler.swift; sourceTree = "<group>"; };
		94AC5580222479860047386E /* Configuration.swift */ = {isa = PBXFileReference; lastKnownFileType = sourcecode.swift; path = Configuration.swift; sourceTree = "<group>"; };
		94AC558222247DA30047386E /* Server.swift */ = {isa = PBXFileReference; lastKnownFileType = sourcecode.swift; path = Server.swift; sourceTree = "<group>"; };
		94D2DF0E221C73830004C498 /* Connection.swift */ = {isa = PBXFileReference; lastKnownFileType = sourcecode.swift; path = Connection.swift; sourceTree = "<group>"; };
		94D4A6FA221B6EDC00A991A8 /* bulbivorus */ = {isa = PBXFileReference; explicitFileType = "compiled.mach-o.executable"; includeInIndex = 0; path = bulbivorus; sourceTree = BUILT_PRODUCTS_DIR; };
		94D4A6FD221B6EDC00A991A8 /* main.swift */ = {isa = PBXFileReference; lastKnownFileType = sourcecode.swift; name = main.swift; path = Sources/bulbivorus/main.swift; sourceTree = "<group>"; };
		94D4A6FF221B6EDC00A991A8 /* Package.swift */ = {isa = PBXFileReference; lastKnownFileType = sourcecode.swift; path = Package.swift; sourceTree = "<group>"; };
		94F8618D2232E356000B7C5E /* bulbivorus-config.example.json */ = {isa = PBXFileReference; lastKnownFileType = text.json; path = "bulbivorus-config.example.json"; sourceTree = "<group>"; };
/* End PBXFileReference section */

/* Begin PBXFrameworksBuildPhase section */
		94D4A6F8221B6EDC00A991A8 /* Frameworks */ = {
			isa = PBXFrameworksBuildPhase;
			buildActionMask = 2147483647;
			files = (
			);
			runOnlyForDeploymentPostprocessing = 0;
		};
/* End PBXFrameworksBuildPhase section */

/* Begin PBXGroup section */
		94D4A6F1221B6EDC00A991A8 = {
			isa = PBXGroup;
			children = (
				94D4A6FC221B6EDC00A991A8 /* bulbivorus */,
				94D4A6FB221B6EDC00A991A8 /* Products */,
			);
			sourceTree = "<group>";
		};
		94D4A6FB221B6EDC00A991A8 /* Products */ = {
			isa = PBXGroup;
			children = (
				94D4A6FA221B6EDC00A991A8 /* bulbivorus */,
			);
			name = Products;
			sourceTree = "<group>";
		};
		94D4A6FC221B6EDC00A991A8 /* bulbivorus */ = {
			isa = PBXGroup;
			children = (
				94D4A6FD221B6EDC00A991A8 /* main.swift */,
				94AC5580222479860047386E /* Configuration.swift */,
				94AC558222247DA30047386E /* Server.swift */,
				94D2DF0E221C73830004C498 /* Connection.swift */,
				94AC557C2223018D0047386E /* Router.swift */,
				94AC557E222308B30047386E /* Handler.swift */,
				94D4A6FF221B6EDC00A991A8 /* Package.swift */,
				94F8618D2232E356000B7C5E /* bulbivorus-config.example.json */,
			);
			path = bulbivorus;
			sourceTree = "<group>";
		};
/* End PBXGroup section */

/* Begin PBXNativeTarget section */
		94D4A6F9221B6EDC00A991A8 /* bulbivorus */ = {
			isa = PBXNativeTarget;
			buildConfigurationList = 94D4A702221B6EDC00A991A8 /* Build configuration list for PBXNativeTarget "bulbivorus" */;
			buildPhases = (
				94D4A6F6221B6EDC00A991A8 /* Build Swift Package Manager Dependencies */,
				94D4A6F7221B6EDC00A991A8 /* Sources */,
				94D4A6F8221B6EDC00A991A8 /* Frameworks */,
			);
			buildRules = (
			);
			dependencies = (
			);
			name = bulbivorus;
			productName = bulbivorus;
			productReference = 94D4A6FA221B6EDC00A991A8 /* bulbivorus */;
			productType = "com.apple.product-type.tool";
		};
/* End PBXNativeTarget section */

/* Begin PBXProject section */
		94D4A6F2221B6EDC00A991A8 /* Project object */ = {
			isa = PBXProject;
			attributes = {
				LastSwiftUpdateCheck = 1010;
				LastUpgradeCheck = 1010;
				ORGANIZATIONNAME = rmf;
				TargetAttributes = {
					94D4A6F9221B6EDC00A991A8 = {
						CreatedOnToolsVersion = 10.1;
					};
				};
			};
			buildConfigurationList = 94D4A6F5221B6EDC00A991A8 /* Build configuration list for PBXProject "bulbivorus" */;
			compatibilityVersion = "Xcode 9.3";
			developmentRegion = en;
			hasScannedForEncodings = 0;
			knownRegions = (
				en,
			);
			mainGroup = 94D4A6F1221B6EDC00A991A8;
			productRefGroup = 94D4A6FB221B6EDC00A991A8 /* Products */;
			projectDirPath = "";
			projectRoot = "";
			targets = (
				94D4A6F9221B6EDC00A991A8 /* bulbivorus */,
			);
		};
/* End PBXProject section */

/* Begin PBXShellScriptBuildPhase section */
		94D4A6F6221B6EDC00A991A8 /* Build Swift Package Manager Dependencies */ = {
			isa = PBXShellScriptBuildPhase;
			buildActionMask = 2147483647;
			files = (
			);
			inputFileListPaths = (
			);
			inputPaths = (
			);
			name = "Build Swift Package Manager Dependencies";
			outputFileListPaths = (
			);
			outputPaths = (
			);
			runOnlyForDeploymentPostprocessing = 0;
			shellPath = /bin/sh;
			shellScript = "verbose=no swift xcode build";
		};
/* End PBXShellScriptBuildPhase section */

/* Begin PBXSourcesBuildPhase section */
		94D4A6F7221B6EDC00A991A8 /* Sources */ = {
			isa = PBXSourcesBuildPhase;
			buildActionMask = 2147483647;
			files = (
				94D4A6FE221B6EDC00A991A8 /* main.swift in Sources */,
				94AC5581222479860047386E /* Configuration.swift in Sources */,
				94AC557D2223018D0047386E /* Router.swift in Sources */,
				94AC557F222308B30047386E /* Handler.swift in Sources */,
				94AC558322247DA30047386E /* Server.swift in Sources */,
				94D2DF0F221C73830004C498 /* Connection.swift in Sources */,
			);
			runOnlyForDeploymentPostprocessing = 0;
		};
/* End PBXSourcesBuildPhase section */

/* Begin XCBuildConfiguration section */
		94D4A700221B6EDC00A991A8 /* Debug */ = {
			isa = XCBuildConfiguration;
			buildSettings = {
				ALWAYS_SEARCH_USER_PATHS = NO;
				CLANG_ANALYZER_NONNULL = YES;
				CLANG_ANALYZER_NUMBER_OBJECT_CONVERSION = YES_AGGRESSIVE;
				CLANG_CXX_LANGUAGE_STANDARD = "gnu++14";
				CLANG_CXX_LIBRARY = "libc++";
				CLANG_ENABLE_MODULES = YES;
				CLANG_ENABLE_OBJC_ARC = YES;
				CLANG_ENABLE_OBJC_WEAK = YES;
				CLANG_WARN_BLOCK_CAPTURE_AUTORELEASING = YES;
				CLANG_WARN_BOOL_CONVERSION = YES;
				CLANG_WARN_COMMA = YES;
				CLANG_WARN_CONSTANT_CONVERSION = YES;
				CLANG_WARN_DEPRECATED_OBJC_IMPLEMENTATIONS = YES;
				CLANG_WARN_DIRECT_OBJC_ISA_USAGE = YES_ERROR;
				CLANG_WARN_DOCUMENTATION_COMMENTS = YES;
				CLANG_WARN_EMPTY_BODY = YES;
				CLANG_WARN_ENUM_CONVERSION = YES;
				CLANG_WARN_INFINITE_RECURSION = YES;
				CLANG_WARN_INT_CONVERSION = YES;
				CLANG_WARN_NON_LITERAL_NULL_CONVERSION = YES;
				CLANG_WARN_OBJC_IMPLICIT_RETAIN_SELF = YES;
				CLANG_WARN_OBJC_LITERAL_CONVERSION = YES;
				CLANG_WARN_OBJC_ROOT_CLASS = YES_ERROR;
				CLANG_WARN_RANGE_LOOP_ANALYSIS = YES;
				CLANG_WARN_STRICT_PROTOTYPES = YES;
				CLANG_WARN_SUSPICIOUS_MOVE = YES;
				CLANG_WARN_UNGUARDED_AVAILABILITY = YES_AGGRESSIVE;
				CLANG_WARN_UNREACHABLE_CODE = YES;
				CLANG_WARN__DUPLICATE_METHOD_MATCH = YES;
				CODE_SIGN_IDENTITY = "Mac Developer";
				COPY_PHASE_STRIP = NO;
				DEBUG_INFORMATION_FORMAT = dwarf;
				ENABLE_STRICT_OBJC_MSGSEND = YES;
				ENABLE_TESTABILITY = YES;
				GCC_C_LANGUAGE_STANDARD = gnu11;
				GCC_DYNAMIC_NO_PIC = NO;
				GCC_NO_COMMON_BLOCKS = YES;
				GCC_OPTIMIZATION_LEVEL = 0;
				GCC_PREPROCESSOR_DEFINITIONS = (
					"DEBUG=1",
					"$(inherited)",
				);
				GCC_WARN_64_TO_32_BIT_CONVERSION = YES;
				GCC_WARN_ABOUT_RETURN_TYPE = YES_ERROR;
				GCC_WARN_UNDECLARED_SELECTOR = YES;
				GCC_WARN_UNINITIALIZED_AUTOS = YES_AGGRESSIVE;
				GCC_WARN_UNUSED_FUNCTION = YES;
				GCC_WARN_UNUSED_VARIABLE = YES;
				MACOSX_DEPLOYMENT_TARGET = 10.14;
				MTL_ENABLE_DEBUG_INFO = INCLUDE_SOURCE;
				MTL_FAST_MATH = YES;
				ONLY_ACTIVE_ARCH = YES;
				SDKROOT = macosx;
			};
			name = Debug;
		};
		94D4A701221B6EDC00A991A8 /* Release */ = {
			isa = XCBuildConfiguration;
			buildSettings = {
				ALWAYS_SEARCH_USER_PATHS = NO;
				CLANG_ANALYZER_NONNULL = YES;
				CLANG_ANALYZER_NUMBER_OBJECT_CONVERSION = YES_AGGRESSIVE;
				CLANG_CXX_LANGUAGE_STANDARD = "gnu++14";
				CLANG_CXX_LIBRARY = "libc++";
				CLANG_ENABLE_MODULES = YES;
				CLANG_ENABLE_OBJC_ARC = YES;
				CLANG_ENABLE_OBJC_WEAK = YES;
				CLANG_WARN_BLOCK_CAPTURE_AUTORELEASING = YES;
				CLANG_WARN_BOOL_CONVERSION = YES;
				CLANG_WARN_COMMA = YES;
				CLANG_WARN_CONSTANT_CONVERSION = YES;
				CLANG_WARN_DEPRECATED_OBJC_IMPLEMENTATIONS = YES;
				CLANG_WARN_DIRECT_OBJC_ISA_USAGE = YES_ERROR;
				CLANG_WARN_DOCUMENTATION_COMMENTS = YES;
				CLANG_WARN_EMPTY_BODY = YES;
				CLANG_WARN_ENUM_CONVERSION = YES;
				CLANG_WARN_INFINITE_RECURSION = YES;
				CLANG_WARN_INT_CONVERSION = YES;
				CLANG_WARN_NON_LITERAL_NULL_CONVERSION = YES;
				CLANG_WARN_OBJC_IMPLICIT_RETAIN_SELF = YES;
				CLANG_WARN_OBJC_LITERAL_CONVERSION = YES;
				CLANG_WARN_OBJC_ROOT_CLASS = YES_ERROR;
				CLANG_WARN_RANGE_LOOP_ANALYSIS = YES;
				CLANG_WARN_STRICT_PROTOTYPES = YES;
				CLANG_WARN_SUSPICIOUS_MOVE = YES;
				CLANG_WARN_UNGUARDED_AVAILABILITY = YES_AGGRESSIVE;
				CLANG_WARN_UNREACHABLE_CODE = YES;
				CLANG_WARN__DUPLICATE_METHOD_MATCH = YES;
				CODE_SIGN_IDENTITY = "Mac Developer";
				COPY_PHASE_STRIP = NO;
				DEBUG_INFORMATION_FORMAT = "dwarf-with-dsym";
				ENABLE_NS_ASSERTIONS = NO;
				ENABLE_STRICT_OBJC_MSGSEND = YES;
				GCC_C_LANGUAGE_STANDARD = gnu11;
				GCC_NO_COMMON_BLOCKS = YES;
				GCC_WARN_64_TO_32_BIT_CONVERSION = YES;
				GCC_WARN_ABOUT_RETURN_TYPE = YES_ERROR;
				GCC_WARN_UNDECLARED_SELECTOR = YES;
				GCC_WARN_UNINITIALIZED_AUTOS = YES_AGGRESSIVE;
				GCC_WARN_UNUSED_FUNCTION = YES;
				GCC_WARN_UNUSED_VARIABLE = YES;
				MACOSX_DEPLOYMENT_TARGET = 10.14;
				MTL_ENABLE_DEBUG_INFO = NO;
				MTL_FAST_MATH = YES;
				SDKROOT = macosx;
			};
			name = Release;
		};
		94D4A703221B6EDC00A991A8 /* Debug */ = {
			isa = XCBuildConfiguration;
			buildSettings = {
				CODE_SIGN_STYLE = Automatic;
				DEVELOPMENT_TEAM = PH278T7MS2;
				HEADER_SEARCH_PATHS = "$(SRCROOT)/$(PRODUCT_NAME)/.buildzz/.build/Xcode/$(PLATFORM_PREFERRED_ARCH)-apple-$(SWIFT_PLATFORM_TARGET_PREFIX)$($(DEPLOYMENT_TARGET_SETTING_NAME))/$(CONFIGURATION)";
				LIBRARY_SEARCH_PATHS = "$(SRCROOT)/$(PRODUCT_NAME)/.buildzz/.build/Xcode/$(PLATFORM_PREFERRED_ARCH)-apple-$(SWIFT_PLATFORM_TARGET_PREFIX)$($(DEPLOYMENT_TARGET_SETTING_NAME))/$(CONFIGURATION)";
				OTHER_LDFLAGS = "-lXcodeSPMDependencies";
				PRODUCT_NAME = "$(TARGET_NAME)";
				SWIFT_INCLUDE_PATHS = "$(SRCROOT)/$(PRODUCT_NAME)/.buildzz/.build/$(PLATFORM_PREFERRED_ARCH)-apple-$(SWIFT_PLATFORM_TARGET_PREFIX)$($(DEPLOYMENT_TARGET_SETTING_NAME))/$(CONFIGURATION)";
				SWIFT_VERSION = 4.0;
			};
			name = Debug;
		};
		94D4A704221B6EDC00A991A8 /* Release */ = {
			isa = XCBuildConfiguration;
			buildSettings = {
				CODE_SIGN_STYLE = Automatic;
				DEVELOPMENT_TEAM = PH278T7MS2;
				HEADER_SEARCH_PATHS = "$(SRCROOT)/$(PRODUCT_NAME)/.buildzz/.build/Xcode/$(PLATFORM_PREFERRED_ARCH)-apple-$(SWIFT_PLATFORM_TARGET_PREFIX)$($(DEPLOYMENT_TARGET_SETTING_NAME))/$(CONFIGURATION)";
				LIBRARY_SEARCH_PATHS = "$(SRCROOT)/$(PRODUCT_NAME)/.buildzz/.build/Xcode/$(PLATFORM_PREFERRED_ARCH)-apple-$(SWIFT_PLATFORM_TARGET_PREFIX)$($(DEPLOYMENT_TARGET_SETTING_NAME))/$(CONFIGURATION)";
				OTHER_LDFLAGS = "-lXcodeSPMDependencies";
				PRODUCT_NAME = "$(TARGET_NAME)";
				SWIFT_INCLUDE_PATHS = "$(SRCROOT)/$(PRODUCT_NAME)/.buildzz/.build/$(PLATFORM_PREFERRED_ARCH)-apple-$(SWIFT_PLATFORM_TARGET_PREFIX)$($(DEPLOYMENT_TARGET_SETTING_NAME))/$(CONFIGURATION)";
				SWIFT_VERSION = 4.0;
			};
			name = Release;
		};
/* End XCBuildConfiguration section */

/* Begin XCConfigurationList section */
		94D4A6F5221B6EDC00A991A8 /* Build configuration list for PBXProject "bulbivorus" */ = {
			isa = XCConfigurationList;
			buildConfigurations = (
				94D4A700221B6EDC00A991A8 /* Debug */,
				94D4A701221B6EDC00A991A8 /* Release */,
			);
			defaultConfigurationIsVisible = 0;
			defaultConfigurationName = Release;
		};
		94D4A702221B6EDC00A991A8 /* Build configuration list for PBXNativeTarget "bulbivorus" */ = {
			isa = XCConfigurationList;
			buildConfigurations = (
				94D4A703221B6EDC00A991A8 /* Debug */,
				94D4A704221B6EDC00A991A8 /* Release */,
			);
			defaultConfigurationIsVisible = 0;
			defaultConfigurationName = Release;
		};
/* End XCConfigurationList section */
	};
	rootObject = 94D4A6F2221B6EDC00A991A8 /* Project object */;
}
